
Microsoft Visual Studio Solution File, Format Version 12.00
# Visual Studio Version 16
VisualStudioVersion = 16.0.31205.134
MinimumVisualStudioVersion = 10.0.40219.1
Project("{FAE04EC0-301F-11D3-BF4B-00C04F79EFBC}") = "KimlikDogrulama", "KimlikDogrulama\KimlikDogrulama.csproj", "{DE3FD88C-43C7-480F-A9FA-DFFF1B7265A1}"
EndProject
Global
	GlobalSection(SolutionConfigurationPlatforms) = preSolution
		Debug|Any CPU = Debug|Any CPU
		Release|Any CPU = Release|Any CPU
	EndGlobalSection
	GlobalSection(ProjectConfigurationPlatforms) = postSolution
		{DE3FD88C-43C7-480F-A9FA-DFFF1B7265A1}.Debug|Any CPU.ActiveCfg = Debug|Any CPU
		{DE3FD88C-43C7-480F-A9FA-DFFF1B7265A1}.Debug|Any CPU.Build.0 = Debug|Any CPU
		{DE3FD88C-43C7-480F-A9FA-DFFF1B7265A1}.Release|Any CPU.ActiveCfg = Release|Any CPU
		{DE3FD88C-43C7-480F-A9FA-DFFF1B7265A1}.Release|Any CPU.Build.0 = Release|Any CPU
	EndGlobalSection
	GlobalSection(SolutionProperties) = preSolution
		HideSolutionNode = FALSE
	EndGlobalSection
	GlobalSection(ExtensibilityGlobals) = postSolution
		SolutionGuid = {B22F8D7B-EB6F-4363-B9E2-D602F8E076B1}
	EndGlobalSection
EndGlobal
